
Microsoft Visual Studio Solution File, Format Version 12.00
# Visual Studio Version 17
VisualStudioVersion = 17.14.36915.13 d17.14
MinimumVisualStudioVersion = 10.0.40219.1
Project("{FAE04EC0-301F-11D3-BF4B-00C04F79EFBC}") = "HeatSeeker", "HeatSeeker.csproj", "{59EDD773-A953-1C8A-2285-365831E80904}"
EndProject
Global
	GlobalSection(SolutionConfigurationPlatforms) = preSolution
		Debug|Any CPU = Debug|Any CPU
		Release|Any CPU = Release|Any CPU
	EndGlobalSection
	GlobalSection(ProjectConfigurationPlatforms) = postSolution
		{59EDD773-A953-1C8A-2285-365831E80904}.Debug|Any CPU.ActiveCfg = Debug|Any CPU
		{59EDD773-A953-1C8A-2285-365831E80904}.Debug|Any CPU.Build.0 = Debug|Any CPU
		{59EDD773-A953-1C8A-2285-365831E80904}.Release|Any CPU.ActiveCfg = Release|Any CPU
		{59EDD773-A953-1C8A-2285-365831E80904}.Release|Any CPU.Build.0 = Release|Any CPU
	EndGlobalSection
	GlobalSection(SolutionProperties) = preSolution
		HideSolutionNode = FALSE
	EndGlobalSection
	GlobalSection(ExtensibilityGlobals) = postSolution
		SolutionGuid = {4AF9611F-B4A4-4A41-ACA4-6F91D064240D}
	EndGlobalSection
EndGlobal
